
Microsoft Visual Studio Solution File, Format Version 12.00
# Visual Studio 2013
VisualStudioVersion = 12.0.30723.0
MinimumVisualStudioVersion = 10.0.40219.1
Project("{FAE04EC0-301F-11D3-BF4B-00C04F79EFBC}") = "TypicalConsoleApp", "TypicalConsoleApp\TypicalConsoleApp.csproj", "{CD8DEA4F-9510-4FDD-B0F2-6242DE4386A5}"
EndProject
Project("{2150E333-8FDC-42A3-9474-1A3956D46DE8}") = "DatabaseCode", "DatabaseCode", "{37A648AC-5216-4CF6-923A-67B4FD7932D4}"
	ProjectSection(SolutionItems) = preProject
		SQLCodeForDemo.sql = SQLCodeForDemo.sql
	EndProjectSection
EndProject
Project("{FAE04EC0-301F-11D3-BF4B-00C04F79EFBC}") = "TypicalClassLibrary", "TypicalClassLibrary\TypicalClassLibrary.csproj", "{4400EFD2-FB76-4704-A793-4324CB619111}"
EndProject
Project("{2150E333-8FDC-42A3-9474-1A3956D46DE8}") = "DemoNotes", "DemoNotes", "{F4E93267-9516-49B2-9134-AFDF84764B6B}"
	ProjectSection(SolutionItems) = preProject
		The Entity Framework Code First Option.docx = The Entity Framework Code First Option.docx
	EndProjectSection
EndProject
Global
	GlobalSection(SolutionConfigurationPlatforms) = preSolution
		Debug|Any CPU = Debug|Any CPU
		Release|Any CPU = Release|Any CPU
	EndGlobalSection
	GlobalSection(ProjectConfigurationPlatforms) = postSolution
		{CD8DEA4F-9510-4FDD-B0F2-6242DE4386A5}.Debug|Any CPU.ActiveCfg = Debug|Any CPU
		{CD8DEA4F-9510-4FDD-B0F2-6242DE4386A5}.Debug|Any CPU.Build.0 = Debug|Any CPU
		{CD8DEA4F-9510-4FDD-B0F2-6242DE4386A5}.Release|Any CPU.ActiveCfg = Release|Any CPU
		{CD8DEA4F-9510-4FDD-B0F2-6242DE4386A5}.Release|Any CPU.Build.0 = Release|Any CPU
		{4400EFD2-FB76-4704-A793-4324CB619111}.Debug|Any CPU.ActiveCfg = Debug|Any CPU
		{4400EFD2-FB76-4704-A793-4324CB619111}.Debug|Any CPU.Build.0 = Debug|Any CPU
		{4400EFD2-FB76-4704-A793-4324CB619111}.Release|Any CPU.ActiveCfg = Release|Any CPU
		{4400EFD2-FB76-4704-A793-4324CB619111}.Release|Any CPU.Build.0 = Release|Any CPU
	EndGlobalSection
	GlobalSection(SolutionProperties) = preSolution
		HideSolutionNode = FALSE
	EndGlobalSection
EndGlobal
