
Microsoft Visual Studio Solution File, Format Version 11.00
# Visual Studio 2010
Project("{FAE04EC0-301F-11D3-BF4B-00C04F79EFBC}") = "EntityFrameworkUIWindows", "EntityFrameworkDemos\EntityFrameworkUIWindows.csproj", "{0E9CBB37-0223-43D7-B68A-AF1A7C6B202E}"
EndProject
Project("{FAE04EC0-301F-11D3-BF4B-00C04F79EFBC}") = "EntityFrameworkDemosProcessor", "EntityFrameworkDemosProcessor\EntityFrameworkDemosProcessor.csproj", "{553674E1-8B89-46DA-BE3D-60F411B06BF4}"
EndProject
Project("{FAE04EC0-301F-11D3-BF4B-00C04F79EFBC}") = "EntityFrameworkDemosUIConsole", "EntityFrameworkConsoleUI\EntityFrameworkDemosUIConsole.csproj", "{BED5AB29-6263-4AA2-89F4-EE79F5024D66}"
EndProject
Project("{2150E333-8FDC-42A3-9474-1A3956D46DE8}") = "Solution Items", "Solution Items", "{F4211601-B9E3-43EA-AA44-794A2C6342B6}"
	ProjectSection(SolutionItems) = preProject
		EntityFrameworkDemos.sql = EntityFrameworkDemos.sql
	EndProjectSection
EndProject
Global
	GlobalSection(SolutionConfigurationPlatforms) = preSolution
		Debug|Any CPU = Debug|Any CPU
		Debug|Mixed Platforms = Debug|Mixed Platforms
		Debug|x86 = Debug|x86
		Release|Any CPU = Release|Any CPU
		Release|Mixed Platforms = Release|Mixed Platforms
		Release|x86 = Release|x86
	EndGlobalSection
	GlobalSection(ProjectConfigurationPlatforms) = postSolution
		{0E9CBB37-0223-43D7-B68A-AF1A7C6B202E}.Debug|Any CPU.ActiveCfg = Debug|x86
		{0E9CBB37-0223-43D7-B68A-AF1A7C6B202E}.Debug|Mixed Platforms.ActiveCfg = Debug|x86
		{0E9CBB37-0223-43D7-B68A-AF1A7C6B202E}.Debug|Mixed Platforms.Build.0 = Debug|x86
		{0E9CBB37-0223-43D7-B68A-AF1A7C6B202E}.Debug|x86.ActiveCfg = Debug|x86
		{0E9CBB37-0223-43D7-B68A-AF1A7C6B202E}.Debug|x86.Build.0 = Debug|x86
		{0E9CBB37-0223-43D7-B68A-AF1A7C6B202E}.Release|Any CPU.ActiveCfg = Release|x86
		{0E9CBB37-0223-43D7-B68A-AF1A7C6B202E}.Release|Mixed Platforms.ActiveCfg = Release|x86
		{0E9CBB37-0223-43D7-B68A-AF1A7C6B202E}.Release|Mixed Platforms.Build.0 = Release|x86
		{0E9CBB37-0223-43D7-B68A-AF1A7C6B202E}.Release|x86.ActiveCfg = Release|x86
		{0E9CBB37-0223-43D7-B68A-AF1A7C6B202E}.Release|x86.Build.0 = Release|x86
		{553674E1-8B89-46DA-BE3D-60F411B06BF4}.Debug|Any CPU.ActiveCfg = Debug|Any CPU
		{553674E1-8B89-46DA-BE3D-60F411B06BF4}.Debug|Any CPU.Build.0 = Debug|Any CPU
		{553674E1-8B89-46DA-BE3D-60F411B06BF4}.Debug|Mixed Platforms.ActiveCfg = Debug|Any CPU
		{553674E1-8B89-46DA-BE3D-60F411B06BF4}.Debug|Mixed Platforms.Build.0 = Debug|Any CPU
		{553674E1-8B89-46DA-BE3D-60F411B06BF4}.Debug|x86.ActiveCfg = Debug|Any CPU
		{553674E1-8B89-46DA-BE3D-60F411B06BF4}.Release|Any CPU.ActiveCfg = Release|Any CPU
		{553674E1-8B89-46DA-BE3D-60F411B06BF4}.Release|Any CPU.Build.0 = Release|Any CPU
		{553674E1-8B89-46DA-BE3D-60F411B06BF4}.Release|Mixed Platforms.ActiveCfg = Release|Any CPU
		{553674E1-8B89-46DA-BE3D-60F411B06BF4}.Release|Mixed Platforms.Build.0 = Release|Any CPU
		{553674E1-8B89-46DA-BE3D-60F411B06BF4}.Release|x86.ActiveCfg = Release|Any CPU
		{BED5AB29-6263-4AA2-89F4-EE79F5024D66}.Debug|Any CPU.ActiveCfg = Debug|x86
		{BED5AB29-6263-4AA2-89F4-EE79F5024D66}.Debug|Mixed Platforms.ActiveCfg = Debug|x86
		{BED5AB29-6263-4AA2-89F4-EE79F5024D66}.Debug|Mixed Platforms.Build.0 = Debug|x86
		{BED5AB29-6263-4AA2-89F4-EE79F5024D66}.Debug|x86.ActiveCfg = Debug|x86
		{BED5AB29-6263-4AA2-89F4-EE79F5024D66}.Debug|x86.Build.0 = Debug|x86
		{BED5AB29-6263-4AA2-89F4-EE79F5024D66}.Release|Any CPU.ActiveCfg = Release|x86
		{BED5AB29-6263-4AA2-89F4-EE79F5024D66}.Release|Mixed Platforms.ActiveCfg = Release|x86
		{BED5AB29-6263-4AA2-89F4-EE79F5024D66}.Release|Mixed Platforms.Build.0 = Release|x86
		{BED5AB29-6263-4AA2-89F4-EE79F5024D66}.Release|x86.ActiveCfg = Release|x86
		{BED5AB29-6263-4AA2-89F4-EE79F5024D66}.Release|x86.Build.0 = Release|x86
	EndGlobalSection
	GlobalSection(SolutionProperties) = preSolution
		HideSolutionNode = FALSE
	EndGlobalSection
EndGlobal
