
Microsoft Visual Studio Solution File, Format Version 12.00
# Visual Studio 2013
VisualStudioVersion = 12.0.21005.1
MinimumVisualStudioVersion = 10.0.40219.1
Project("{FAE04EC0-301F-11D3-BF4B-00C04F79EFBC}") = "MyDataStorageAndProcessing", "MyDataStorageAndProcessing\MyDataStorageAndProcessing.csproj", "{979E8C81-C56F-4292-9AF9-B72AA99B4254}"
EndProject
Project("{FAE04EC0-301F-11D3-BF4B-00C04F79EFBC}") = "TestHarness", "TestHarness\TestHarness.csproj", "{9269C12E-79CD-4E18-AAA7-17B0F46D3986}"
EndProject
Global
	GlobalSection(SolutionConfigurationPlatforms) = preSolution
		Debug|Any CPU = Debug|Any CPU
		Release|Any CPU = Release|Any CPU
	EndGlobalSection
	GlobalSection(ProjectConfigurationPlatforms) = postSolution
		{979E8C81-C56F-4292-9AF9-B72AA99B4254}.Debug|Any CPU.ActiveCfg = Debug|Any CPU
		{979E8C81-C56F-4292-9AF9-B72AA99B4254}.Debug|Any CPU.Build.0 = Debug|Any CPU
		{979E8C81-C56F-4292-9AF9-B72AA99B4254}.Release|Any CPU.ActiveCfg = Release|Any CPU
		{979E8C81-C56F-4292-9AF9-B72AA99B4254}.Release|Any CPU.Build.0 = Release|Any CPU
		{9269C12E-79CD-4E18-AAA7-17B0F46D3986}.Debug|Any CPU.ActiveCfg = Debug|Any CPU
		{9269C12E-79CD-4E18-AAA7-17B0F46D3986}.Debug|Any CPU.Build.0 = Debug|Any CPU
		{9269C12E-79CD-4E18-AAA7-17B0F46D3986}.Release|Any CPU.ActiveCfg = Release|Any CPU
		{9269C12E-79CD-4E18-AAA7-17B0F46D3986}.Release|Any CPU.Build.0 = Release|Any CPU
	EndGlobalSection
	GlobalSection(SolutionProperties) = preSolution
		HideSolutionNode = FALSE
	EndGlobalSection
EndGlobal
