
Microsoft Visual Studio Solution File, Format Version 12.00
# Visual Studio 2013
VisualStudioVersion = 12.0.21005.1
MinimumVisualStudioVersion = 10.0.40219.1
Project("{FAE04EC0-301F-11D3-BF4B-00C04F79EFBC}") = "VendingMachine", "VendingMachine\VendingMachine.csproj", "{1EFE1C2E-7139-482E-841B-3B95D12F3CE7}"
EndProject
Project("{FAE04EC0-301F-11D3-BF4B-00C04F79EFBC}") = "ClassLibrarySnacks", "VendingMachine\ClassLibrarySnacks\ClassLibrarySnacks.csproj", "{CA022D5D-DA4A-47AF-9095-D58DF566E97B}"
EndProject
Global
	GlobalSection(SolutionConfigurationPlatforms) = preSolution
		Debug|Any CPU = Debug|Any CPU
		Release|Any CPU = Release|Any CPU
	EndGlobalSection
	GlobalSection(ProjectConfigurationPlatforms) = postSolution
		{1EFE1C2E-7139-482E-841B-3B95D12F3CE7}.Debug|Any CPU.ActiveCfg = Debug|Any CPU
		{1EFE1C2E-7139-482E-841B-3B95D12F3CE7}.Debug|Any CPU.Build.0 = Debug|Any CPU
		{1EFE1C2E-7139-482E-841B-3B95D12F3CE7}.Release|Any CPU.ActiveCfg = Release|Any CPU
		{1EFE1C2E-7139-482E-841B-3B95D12F3CE7}.Release|Any CPU.Build.0 = Release|Any CPU
		{CA022D5D-DA4A-47AF-9095-D58DF566E97B}.Debug|Any CPU.ActiveCfg = Debug|Any CPU
		{CA022D5D-DA4A-47AF-9095-D58DF566E97B}.Debug|Any CPU.Build.0 = Debug|Any CPU
		{CA022D5D-DA4A-47AF-9095-D58DF566E97B}.Release|Any CPU.ActiveCfg = Release|Any CPU
		{CA022D5D-DA4A-47AF-9095-D58DF566E97B}.Release|Any CPU.Build.0 = Release|Any CPU
	EndGlobalSection
	GlobalSection(SolutionProperties) = preSolution
		HideSolutionNode = FALSE
	EndGlobalSection
EndGlobal
